# This file is automatically @generated by Cargo.
# It is not intended for manual editing.
version = 4

[[package]]
name = "choragos-cli"
version = "0.1.0"
dependencies = [
 "choragos-core",
]

[[package]]
name = "choragos-core"
version = "0.1.0"

[[package]]
name = "choragos-mcp-server"
version = "0.1.0"
dependencies = [
 "choragos-core",
]
